dependencies:
- name: postgresql
  repository: https://charts.bitnami.com/bitnami
  version: 18.5.15
- name: valkey
  repository: https://charts.bitnami.com/bitnami
  version: 5.4.9
digest: sha256:95f497fc37ebe367902664f65f98e2bf1a218b3ea3726222e95aa00b9488c6af
generated: "2026-04-04T00:55:13.620638969+02:00"
